
Microsoft Visual Studio Solution File, Format Version 12.00
# Visual Studio Version 17
VisualStudioVersion = 17.4.33213.308
MinimumVisualStudioVersion = 10.0.40219.1
Project("{FAE04EC0-301F-11D3-BF4B-00C04F79EFBC}") = "sadadsdadd121", "sadadsdadd121.csproj", "{79F5A70A-0CC2-43BB-8F47-4F15E43F7141}"
EndProject
Global
	GlobalSection(SolutionConfigurationPlatforms) = preSolution
		Debug|Any CPU = Debug|Any CPU
		Release|Any CPU = Release|Any CPU
	EndGlobalSection
	GlobalSection(ProjectConfigurationPlatforms) = postSolution
		{79F5A70A-0CC2-43BB-8F47-4F15E43F7141}.Debug|Any CPU.ActiveCfg = Debug|Any CPU
		{79F5A70A-0CC2-43BB-8F47-4F15E43F7141}.Debug|Any CPU.Build.0 = Debug|Any CPU
		{79F5A70A-0CC2-43BB-8F47-4F15E43F7141}.Release|Any CPU.ActiveCfg = Release|Any CPU
		{79F5A70A-0CC2-43BB-8F47-4F15E43F7141}.Release|Any CPU.Build.0 = Release|Any CPU
	EndGlobalSection
	GlobalSection(SolutionProperties) = preSolution
		HideSolutionNode = FALSE
	EndGlobalSection
	GlobalSection(ExtensibilityGlobals) = postSolution
		SolutionGuid = {13993787-5FEE-44D3-8AB3-BA0A90D1F484}
	EndGlobalSection
EndGlobal
